
Microsoft Visual Studio Solution File, Format Version 12.00
# Visual Studio 14
VisualStudioVersion = 14.0.25123.0
MinimumVisualStudioVersion = 10.0.40219.1
Project("{FAE04EC0-301F-11D3-BF4B-00C04F79EFBC}") = "SYKScenic", "SYKScenic.csproj", "{09130783-2032-4DBF-BAF1-5C853E16D1F1}"
EndProject
Project("{8BC9CEB8-8B4A-11D0-8D11-00A0C91BC942}") = "ScenicDll", "..\ScenicDll\ScenicDll.vcxproj", "{59850FD2-4B3F-404A-B1E3-C125A0B23D5D}"
EndProject
Global
	GlobalSection(SolutionConfigurationPlatforms) = preSolution
		Debug|Any CPU = Debug|Any CPU
		Debug|x64 = Debug|x64
		Debug|x86 = Debug|x86
		Release|Any CPU = Release|Any CPU
		Release|x64 = Release|x64
		Release|x86 = Release|x86
	EndGlobalSection
	GlobalSection(ProjectConfigurationPlatforms) = postSolution
		{09130783-2032-4DBF-BAF1-5C853E16D1F1}.Debug|Any CPU.ActiveCfg = Debug|Any CPU
		{09130783-2032-4DBF-BAF1-5C853E16D1F1}.Debug|Any CPU.Build.0 = Debug|Any CPU
		{09130783-2032-4DBF-BAF1-5C853E16D1F1}.Debug|x64.ActiveCfg = Debug|Any CPU
		{09130783-2032-4DBF-BAF1-5C853E16D1F1}.Debug|x64.Build.0 = Debug|Any CPU
		{09130783-2032-4DBF-BAF1-5C853E16D1F1}.Debug|x86.ActiveCfg = Debug|Any CPU
		{09130783-2032-4DBF-BAF1-5C853E16D1F1}.Debug|x86.Build.0 = Debug|Any CPU
		{09130783-2032-4DBF-BAF1-5C853E16D1F1}.Release|Any CPU.ActiveCfg = Release|Any CPU
		{09130783-2032-4DBF-BAF1-5C853E16D1F1}.Release|Any CPU.Build.0 = Release|Any CPU
		{09130783-2032-4DBF-BAF1-5C853E16D1F1}.Release|x64.ActiveCfg = Release|Any CPU
		{09130783-2032-4DBF-BAF1-5C853E16D1F1}.Release|x64.Build.0 = Release|Any CPU
		{09130783-2032-4DBF-BAF1-5C853E16D1F1}.Release|x86.ActiveCfg = Release|Any CPU
		{09130783-2032-4DBF-BAF1-5C853E16D1F1}.Release|x86.Build.0 = Release|Any CPU
		{59850FD2-4B3F-404A-B1E3-C125A0B23D5D}.Debug|Any CPU.ActiveCfg = Debug|Win32
		{59850FD2-4B3F-404A-B1E3-C125A0B23D5D}.Debug|x64.ActiveCfg = Debug|x64
		{59850FD2-4B3F-404A-B1E3-C125A0B23D5D}.Debug|x64.Build.0 = Debug|x64
		{59850FD2-4B3F-404A-B1E3-C125A0B23D5D}.Debug|x86.ActiveCfg = Debug|Win32
		{59850FD2-4B3F-404A-B1E3-C125A0B23D5D}.Debug|x86.Build.0 = Debug|Win32
		{59850FD2-4B3F-404A-B1E3-C125A0B23D5D}.Release|Any CPU.ActiveCfg = Release|Win32
		{59850FD2-4B3F-404A-B1E3-C125A0B23D5D}.Release|x64.ActiveCfg = Release|x64
		{59850FD2-4B3F-404A-B1E3-C125A0B23D5D}.Release|x64.Build.0 = Release|x64
		{59850FD2-4B3F-404A-B1E3-C125A0B23D5D}.Release|x86.ActiveCfg = Release|Win32
		{59850FD2-4B3F-404A-B1E3-C125A0B23D5D}.Release|x86.Build.0 = Release|Win32
	EndGlobalSection
	GlobalSection(SolutionProperties) = preSolution
		HideSolutionNode = FALSE
	EndGlobalSection
EndGlobal
